
Microsoft Visual Studio Solution File, Format Version 12.00
# Visual Studio Version 17
VisualStudioVersion = 17.0.31903.59
MinimumVisualStudioVersion = 10.0.40219.1
Project("{9A19103F-16F7-4668-BE54-9A1E7A4F7556}") = "API", "API\API.csproj", "{6081506A-03AE-4456-BEF0-4D7FC5AE17F2}"
EndProject
Project("{9A19103F-16F7-4668-BE54-9A1E7A4F7556}") = "Application", "Application\Application.csproj", "{42B0AFAF-A643-4B49-818B-BB46AF4FF3FC}"
EndProject
Project("{9A19103F-16F7-4668-BE54-9A1E7A4F7556}") = "Entities", "Entities\Entities.csproj", "{DB2992C1-8A05-4A6A-9C63-110D69CD433C}"
EndProject
Project("{9A19103F-16F7-4668-BE54-9A1E7A4F7556}") = "Persistence", "Persistence\Persistence.csproj", "{EBAF6D32-A090-4B1C-B22D-999994B367AB}"
EndProject
Project("{2150E333-8FDC-42A3-9474-1A3956D46DE8}") = "Solution Items", "Solution Items", "{C31C951B-BEA2-4D4F-8A8E-C874DED7CC94}"
EndProject
Global
	GlobalSection(SolutionConfigurationPlatforms) = preSolution
		Debug|Any CPU = Debug|Any CPU
		Release|Any CPU = Release|Any CPU
	EndGlobalSection
	GlobalSection(ProjectConfigurationPlatforms) = postSolution
		{6081506A-03AE-4456-BEF0-4D7FC5AE17F2}.Debug|Any CPU.ActiveCfg = Debug|Any CPU
		{6081506A-03AE-4456-BEF0-4D7FC5AE17F2}.Debug|Any CPU.Build.0 = Debug|Any CPU
		{6081506A-03AE-4456-BEF0-4D7FC5AE17F2}.Release|Any CPU.ActiveCfg = Release|Any CPU
		{6081506A-03AE-4456-BEF0-4D7FC5AE17F2}.Release|Any CPU.Build.0 = Release|Any CPU
		{42B0AFAF-A643-4B49-818B-BB46AF4FF3FC}.Debug|Any CPU.ActiveCfg = Debug|Any CPU
		{42B0AFAF-A643-4B49-818B-BB46AF4FF3FC}.Debug|Any CPU.Build.0 = Debug|Any CPU
		{42B0AFAF-A643-4B49-818B-BB46AF4FF3FC}.Release|Any CPU.ActiveCfg = Release|Any CPU
		{42B0AFAF-A643-4B49-818B-BB46AF4FF3FC}.Release|Any CPU.Build.0 = Release|Any CPU
		{DB2992C1-8A05-4A6A-9C63-110D69CD433C}.Debug|Any CPU.ActiveCfg = Debug|Any CPU
		{DB2992C1-8A05-4A6A-9C63-110D69CD433C}.Debug|Any CPU.Build.0 = Debug|Any CPU
		{DB2992C1-8A05-4A6A-9C63-110D69CD433C}.Release|Any CPU.ActiveCfg = Release|Any CPU
		{DB2992C1-8A05-4A6A-9C63-110D69CD433C}.Release|Any CPU.Build.0 = Release|Any CPU
		{EBAF6D32-A090-4B1C-B22D-999994B367AB}.Debug|Any CPU.ActiveCfg = Debug|Any CPU
		{EBAF6D32-A090-4B1C-B22D-999994B367AB}.Debug|Any CPU.Build.0 = Debug|Any CPU
		{EBAF6D32-A090-4B1C-B22D-999994B367AB}.Release|Any CPU.ActiveCfg = Release|Any CPU
		{EBAF6D32-A090-4B1C-B22D-999994B367AB}.Release|Any CPU.Build.0 = Release|Any CPU
	EndGlobalSection
	GlobalSection(SolutionProperties) = preSolution
		HideSolutionNode = FALSE
	EndGlobalSection
	GlobalSection(ExtensibilityGlobals) = postSolution
		SolutionGuid = {92A9728C-2CD4-492C-A189-0AB3067212C0}
	EndGlobalSection
EndGlobal
